
Microsoft Visual Studio Solution File, Format Version 12.00
# Visual Studio Version 17
VisualStudioVersion = 17.13.35825.156 d17.13
MinimumVisualStudioVersion = 10.0.40219.1
Project("{FAE04EC0-301F-11D3-BF4B-00C04F79EFBC}") = "AulasBD2025", "AulasBD2025\AulasBD2025.csproj", "{B44ACBB1-8DF2-4F0A-8D45-B7A90DF2133B}"
EndProject
Global
	GlobalSection(SolutionConfigurationPlatforms) = preSolution
		Debug|Any CPU = Debug|Any CPU
		Release|Any CPU = Release|Any CPU
	EndGlobalSection
	GlobalSection(ProjectConfigurationPlatforms) = postSolution
		{B44ACBB1-8DF2-4F0A-8D45-B7A90DF2133B}.Debug|Any CPU.ActiveCfg = Debug|Any CPU
		{B44ACBB1-8DF2-4F0A-8D45-B7A90DF2133B}.Debug|Any CPU.Build.0 = Debug|Any CPU
		{B44ACBB1-8DF2-4F0A-8D45-B7A90DF2133B}.Release|Any CPU.ActiveCfg = Release|Any CPU
		{B44ACBB1-8DF2-4F0A-8D45-B7A90DF2133B}.Release|Any CPU.Build.0 = Release|Any CPU
	EndGlobalSection
	GlobalSection(SolutionProperties) = preSolution
		HideSolutionNode = FALSE
	EndGlobalSection
	GlobalSection(ExtensibilityGlobals) = postSolution
		SolutionGuid = {BC83923A-4C12-4605-9E57-9D0BCDA57637}
	EndGlobalSection
EndGlobal
